# This file is automatically @generated by Cargo.
# It is not intended for manual editing.
version = 4

[[package]]
name = "app"
version = "0.1.0"
dependencies = [
 "pdcore",
 "registry",
]

[[package]]
name = "pdcore"
version = "0.1.0"

[[package]]
name = "profiler-cpu-clock"
version = "0.1.0"
dependencies = [
 "pdcore",
]

[[package]]
name = "profiler-cpu-usage"
version = "0.1.0"
dependencies = [
 "pdcore",
]

[[package]]
name = "profiler-fps"
version = "0.1.0"
dependencies = [
 "pdcore",
]

[[package]]
name = "profiler-power"
version = "0.1.0"
dependencies = [
 "pdcore",
]

[[package]]
name = "profiler-temperature"
version = "0.1.0"
dependencies = [
 "pdcore",
]

[[package]]
name = "registry"
version = "0.1.0"
dependencies = [
 "pdcore",
]
